
Microsoft Visual Studio Solution File, Format Version 12.00
# Visual Studio Version 17
VisualStudioVersion = 17.6.33712.159
MinimumVisualStudioVersion = 10.0.40219.1
Project("{FAE04EC0-301F-11D3-BF4B-00C04F79EFBC}") = "MagicVilla_API", "MagicVilla_API\MagicVilla_API.csproj", "{70BC1928-2F4C-40B9-BF39-DF3833C1768D}"
EndProject
Global
	GlobalSection(SolutionConfigurationPlatforms) = preSolution
		Debug|Any CPU = Debug|Any CPU
		Release|Any CPU = Release|Any CPU
	EndGlobalSection
	GlobalSection(ProjectConfigurationPlatforms) = postSolution
		{70BC1928-2F4C-40B9-BF39-DF3833C1768D}.Debug|Any CPU.ActiveCfg = Debug|Any CPU
		{70BC1928-2F4C-40B9-BF39-DF3833C1768D}.Debug|Any CPU.Build.0 = Debug|Any CPU
		{70BC1928-2F4C-40B9-BF39-DF3833C1768D}.Release|Any CPU.ActiveCfg = Release|Any CPU
		{70BC1928-2F4C-40B9-BF39-DF3833C1768D}.Release|Any CPU.Build.0 = Release|Any CPU
	EndGlobalSection
	GlobalSection(SolutionProperties) = preSolution
		HideSolutionNode = FALSE
	EndGlobalSection
	GlobalSection(ExtensibilityGlobals) = postSolution
		SolutionGuid = {C278E557-3F6D-44E1-9775-A2AA15CFDD23}
	EndGlobalSection
EndGlobal
